
Microsoft Visual Studio Solution File, Format Version 12.00
# Visual Studio Version 17
VisualStudioVersion = 17.14.36616.10 d17.14
MinimumVisualStudioVersion = 10.0.40219.1
Project("{FAE04EC0-301F-11D3-BF4B-00C04F79EFBC}") = "PlataformaEducativa", "PlataformaEducativa.csproj", "{748A88BA-90BA-300C-170C-F876766F3B62}"
EndProject
Global
	GlobalSection(SolutionConfigurationPlatforms) = preSolution
		Debug|Any CPU = Debug|Any CPU
		Release|Any CPU = Release|Any CPU
	EndGlobalSection
	GlobalSection(ProjectConfigurationPlatforms) = postSolution
		{748A88BA-90BA-300C-170C-F876766F3B62}.Debug|Any CPU.ActiveCfg = Debug|Any CPU
		{748A88BA-90BA-300C-170C-F876766F3B62}.Debug|Any CPU.Build.0 = Debug|Any CPU
		{748A88BA-90BA-300C-170C-F876766F3B62}.Release|Any CPU.ActiveCfg = Release|Any CPU
		{748A88BA-90BA-300C-170C-F876766F3B62}.Release|Any CPU.Build.0 = Release|Any CPU
	EndGlobalSection
	GlobalSection(SolutionProperties) = preSolution
		HideSolutionNode = FALSE
	EndGlobalSection
	GlobalSection(ExtensibilityGlobals) = postSolution
		SolutionGuid = {E83B47B0-CE63-4A99-A2FD-CC4BC2E92FC8}
	EndGlobalSection
EndGlobal
